
Microsoft Visual Studio Solution File, Format Version 12.00
# Visual Studio Version 17
VisualStudioVersion = 17.4.33110.190
MinimumVisualStudioVersion = 10.0.40219.1
Project("{FAE04EC0-301F-11D3-BF4B-00C04F79EFBC}") = "WindowsFormsApp1", "WindowsFormsApp1\WindowsFormsApp1.csproj", "{9CAA1561-358F-4913-9D4B-D164AD428171}"
EndProject
Project("{54435603-DBB4-11D2-8724-00A0C9A8B90C}") = "GLEndoscope", "GLEndoscope\GLEndoscope.vdproj", "{F595B997-BBCC-4E69-8665-11D14598F7F9}"
EndProject
Project("{FAE04EC0-301F-11D3-BF4B-00C04F79EFBC}") = "WindowsFormsApp3", "WindowsFormsApp3\WindowsFormsApp3.csproj", "{44C95026-DF9E-4247-B7C3-EF27A8287E08}"
EndProject
Global
	GlobalSection(SolutionConfigurationPlatforms) = preSolution
		Debug|Any CPU = Debug|Any CPU
		Debug|x64 = Debug|x64
		Debug|x86 = Debug|x86
		Release|Any CPU = Release|Any CPU
		Release|x64 = Release|x64
		Release|x86 = Release|x86
	EndGlobalSection
	GlobalSection(ProjectConfigurationPlatforms) = postSolution
		{9CAA1561-358F-4913-9D4B-D164AD428171}.Debug|Any CPU.ActiveCfg = Debug|Any CPU
		{9CAA1561-358F-4913-9D4B-D164AD428171}.Debug|Any CPU.Build.0 = Debug|Any CPU
		{9CAA1561-358F-4913-9D4B-D164AD428171}.Debug|x64.ActiveCfg = Debug|x64
		{9CAA1561-358F-4913-9D4B-D164AD428171}.Debug|x64.Build.0 = Debug|x64
		{9CAA1561-358F-4913-9D4B-D164AD428171}.Debug|x86.ActiveCfg = Debug|x86
		{9CAA1561-358F-4913-9D4B-D164AD428171}.Debug|x86.Build.0 = Debug|x86
		{9CAA1561-358F-4913-9D4B-D164AD428171}.Release|Any CPU.ActiveCfg = Release|x86
		{9CAA1561-358F-4913-9D4B-D164AD428171}.Release|x64.ActiveCfg = Release|x64
		{9CAA1561-358F-4913-9D4B-D164AD428171}.Release|x64.Build.0 = Release|x64
		{9CAA1561-358F-4913-9D4B-D164AD428171}.Release|x86.ActiveCfg = Release|x86
		{9CAA1561-358F-4913-9D4B-D164AD428171}.Release|x86.Build.0 = Release|x86
		{F595B997-BBCC-4E69-8665-11D14598F7F9}.Debug|Any CPU.ActiveCfg = Debug
		{F595B997-BBCC-4E69-8665-11D14598F7F9}.Debug|x64.ActiveCfg = Debug
		{F595B997-BBCC-4E69-8665-11D14598F7F9}.Debug|x86.ActiveCfg = Debug
		{F595B997-BBCC-4E69-8665-11D14598F7F9}.Release|Any CPU.ActiveCfg = Release
		{F595B997-BBCC-4E69-8665-11D14598F7F9}.Release|x64.ActiveCfg = Release
		{F595B997-BBCC-4E69-8665-11D14598F7F9}.Release|x86.ActiveCfg = Release
		{44C95026-DF9E-4247-B7C3-EF27A8287E08}.Debug|Any CPU.ActiveCfg = Debug|Any CPU
		{44C95026-DF9E-4247-B7C3-EF27A8287E08}.Debug|Any CPU.Build.0 = Debug|Any CPU
		{44C95026-DF9E-4247-B7C3-EF27A8287E08}.Debug|x64.ActiveCfg = Debug|Any CPU
		{44C95026-DF9E-4247-B7C3-EF27A8287E08}.Debug|x64.Build.0 = Debug|Any CPU
		{44C95026-DF9E-4247-B7C3-EF27A8287E08}.Debug|x86.ActiveCfg = Debug|Any CPU
		{44C95026-DF9E-4247-B7C3-EF27A8287E08}.Debug|x86.Build.0 = Debug|Any CPU
		{44C95026-DF9E-4247-B7C3-EF27A8287E08}.Release|Any CPU.ActiveCfg = Release|Any CPU
		{44C95026-DF9E-4247-B7C3-EF27A8287E08}.Release|Any CPU.Build.0 = Release|Any CPU
		{44C95026-DF9E-4247-B7C3-EF27A8287E08}.Release|x64.ActiveCfg = Release|Any CPU
		{44C95026-DF9E-4247-B7C3-EF27A8287E08}.Release|x64.Build.0 = Release|Any CPU
		{44C95026-DF9E-4247-B7C3-EF27A8287E08}.Release|x86.ActiveCfg = Release|x86
		{44C95026-DF9E-4247-B7C3-EF27A8287E08}.Release|x86.Build.0 = Release|x86
	EndGlobalSection
	GlobalSection(SolutionProperties) = preSolution
		HideSolutionNode = FALSE
	EndGlobalSection
	GlobalSection(ExtensibilityGlobals) = postSolution
		SolutionGuid = {1CDEE18F-DF5B-4CA0-B79D-B99CBB40A291}
	EndGlobalSection
EndGlobal
